// !$*UTF8*$!
{
	archiveVersion = 1;
	classes = {
	};
	objectVersion = 55;
	objects = {

/* Begin PBXBuildFile section */
		95750B4E28EAFEFB007CB897 /* LiveData.swift in Sources */ = {isa = PBXBuildFile; fileRef = 95750B4D28EAFEFB007CB897 /* LiveData.swift */; };
		95750B5028EAFF16007CB897 /* Observable.swift in Sources */ = {isa = PBXBuildFile; fileRef = 95750B4F28EAFF16007CB897 /* Observable.swift */; };
		95750B5228EAFF1F007CB897 /* Observer.swift in Sources */ = {isa = PBXBuildFile; fileRef = 95750B5128EAFF1F007CB897 /* Observer.swift */; };
		95750B5628EB04C9007CB897 /* HomeScreenController.swift in Sources */ = {isa = PBXBuildFile; fileRef = 95750B5528EB04C9007CB897 /* HomeScreenController.swift */; };
		95750B5928EB04E0007CB897 /* BaseViewController.swift in Sources */ = {isa = PBXBuildFile; fileRef = 95750B5828EB04E0007CB897 /* BaseViewController.swift */; };
		95756B9428EAE6300087A408 /* Graphics.swift in Sources */ = {isa = PBXBuildFile; fileRef = 95756B9328EAE6300087A408 /* Graphics.swift */; };
		9578205528E6E73E004C1CE4 /* Theme.swift in Sources */ = {isa = PBXBuildFile; fileRef = 9578205428E6E73E004C1CE4 /* Theme.swift */; };
		9578205C28E6F5F3004C1CE4 /* Localizable.strings in Resources */ = {isa = PBXBuildFile; fileRef = 9578205E28E6F5F3004C1CE4 /* Localizable.strings */; };
		9578206328E6F7BC004C1CE4 /* Extensions.swift in Sources */ = {isa = PBXBuildFile; fileRef = 9578206228E6F7BC004C1CE4 /* Extensions.swift */; };
		95785930290BE61D0035C8C6 /* ClassicGameViewController.swift in Sources */ = {isa = PBXBuildFile; fileRef = 9578592F290BE61D0035C8C6 /* ClassicGameViewController.swift */; };
		95785934290BFAAE0035C8C6 /* OptionsLabel.swift in Sources */ = {isa = PBXBuildFile; fileRef = 95785933290BFAAE0035C8C6 /* OptionsLabel.swift */; };
		957CAB0D28F045EE00B972CD /* SnakeButton.swift in Sources */ = {isa = PBXBuildFile; fileRef = 957CAB0C28F045EE00B972CD /* SnakeButton.swift */; };
		957CAB1028F0481E00B972CD /* TeamsViewController.swift in Sources */ = {isa = PBXBuildFile; fileRef = 957CAB0F28F0481E00B972CD /* TeamsViewController.swift */; };
		957FCB842909372B0006FABC /* TimeAndPointsViewController.swift in Sources */ = {isa = PBXBuildFile; fileRef = 957FCB832909372B0006FABC /* TimeAndPointsViewController.swift */; };
		957FCB8A29093DFA0006FABC /* CircularSeekBar.swift in Sources */ = {isa = PBXBuildFile; fileRef = 957FCB8929093DFA0006FABC /* CircularSeekBar.swift */; };
		9589D9D728E6FBFB005A48C5 /* Localization.swift in Sources */ = {isa = PBXBuildFile; fileRef = 9589D9D628E6FBFB005A48C5 /* Localization.swift */; };
		958FD1E8290AB69700E8B2AE /* Team.swift in Sources */ = {isa = PBXBuildFile; fileRef = 958FD1E7290AB69700E8B2AE /* Team.swift */; };
		9590D3DC290E76250060197F /* Round.swift in Sources */ = {isa = PBXBuildFile; fileRef = 9590D3DB290E76250060197F /* Round.swift */; };
		9590D3DF290EA37B0060197F /* BottomSheet in Frameworks */ = {isa = PBXBuildFile; productRef = 9590D3DE290EA37B0060197F /* BottomSheet */; };
		9590D3E3290EAF670060197F /* StatsCollectionView.swift in Sources */ = {isa = PBXBuildFile; fileRef = 9590D3E2290EAF670060197F /* StatsCollectionView.swift */; };
		9590D3EB290EBF470060197F /* TeamStatsView.swift in Sources */ = {isa = PBXBuildFile; fileRef = 9590D3EA290EBF470060197F /* TeamStatsView.swift */; };
		9590D3EE290EDCC70060197F /* NextRoundView.swift in Sources */ = {isa = PBXBuildFile; fileRef = 9590D3ED290EDCC70060197F /* NextRoundView.swift */; };
		9592BEAD28E598F4004E1C6B /* AppDelegate.swift in Sources */ = {isa = PBXBuildFile; fileRef = 9592BEAC28E598F4004E1C6B /* AppDelegate.swift */; };
		9592BEAF28E598F4004E1C6B /* SceneDelegate.swift in Sources */ = {isa = PBXBuildFile; fileRef = 9592BEAE28E598F4004E1C6B /* SceneDelegate.swift */; };
		9592BEB128E598F4004E1C6B /* ViewController.swift in Sources */ = {isa = PBXBuildFile; fileRef = 9592BEB028E598F4004E1C6B /* ViewController.swift */; };
		9592BEB428E598F4004E1C6B /* Main.storyboard in Resources */ = {isa = PBXBuildFile; fileRef = 9592BEB228E598F4004E1C6B /* Main.storyboard */; };
		9592BEB728E598F4004E1C6B /* Alias.xcdatamodeld in Sources */ = {isa = PBXBuildFile; fileRef = 9592BEB528E598F4004E1C6B /* Alias.xcdatamodeld */; };
		9592BEB928E598F6004E1C6B /* Assets.xcassets in Resources */ = {isa = PBXBuildFile; fileRef = 9592BEB828E598F6004E1C6B /* Assets.xcassets */; };
		9592BEBC28E598F6004E1C6B /* LaunchScreen.storyboard in Resources */ = {isa = PBXBuildFile; fileRef = 9592BEBA28E598F6004E1C6B /* LaunchScreen.storyboard */; };
		9592BEC628E59DD0004E1C6B /* words.db in Resources */ = {isa = PBXBuildFile; fileRef = 9592BEC528E59DD0004E1C6B /* words.db */; };
		9592BEC928E59FE1004E1C6B /* Word.swift in Sources */ = {isa = PBXBuildFile; fileRef = 9592BEC828E59FE1004E1C6B /* Word.swift */; };
		9592BECC28E5A196004E1C6B /* WordsDataBaseHelper.swift in Sources */ = {isa = PBXBuildFile; fileRef = 9592BECB28E5A196004E1C6B /* WordsDataBaseHelper.swift */; };
		959C3B9728EC41FA006E849B /* RulesViewController.swift in Sources */ = {isa = PBXBuildFile; fileRef = 959C3B9628EC41FA006E849B /* RulesViewController.swift */; };
		959C3B9928EC424D006E849B /* Rule.swift in Sources */ = {isa = PBXBuildFile; fileRef = 959C3B9828EC424D006E849B /* Rule.swift */; };
		959C3B9F28EC429E006E849B /* RulesTableViewCell.swift in Sources */ = {isa = PBXBuildFile; fileRef = 959C3B9D28EC429E006E849B /* RulesTableViewCell.swift */; };
		959C3BA028EC429E006E849B /* RulesTableViewCell.xib in Resources */ = {isa = PBXBuildFile; fileRef = 959C3B9E28EC429E006E849B /* RulesTableViewCell.xib */; };
		959C3BA228EC45E7006E849B /* TableViewAdapter.swift in Sources */ = {isa = PBXBuildFile; fileRef = 959C3BA128EC45E7006E849B /* TableViewAdapter.swift */; };
		959C3BA428EC45F4006E849B /* TableViewAdapterCell.swift in Sources */ = {isa = PBXBuildFile; fileRef = 959C3BA328EC45F4006E849B /* TableViewAdapterCell.swift */; };
		959E81A128EF2CBD008D49B1 /* PaddingLabel.swift in Sources */ = {isa = PBXBuildFile; fileRef = 959E81A028EF2CBD008D49B1 /* PaddingLabel.swift */; };
		959E81A328EF3063008D49B1 /* GameModeViewController.swift in Sources */ = {isa = PBXBuildFile; fileRef = 959E81A228EF3063008D49B1 /* GameModeViewController.swift */; };
		959E81A528EF308F008D49B1 /* GlobalViewProvider.swift in Sources */ = {isa = PBXBuildFile; fileRef = 959E81A428EF308F008D49B1 /* GlobalViewProvider.swift */; };
		959E81A728EF4063008D49B1 /* Game.swift in Sources */ = {isa = PBXBuildFile; fileRef = 959E81A628EF4063008D49B1 /* Game.swift */; };
		AACE3AC4D0DD5F47C6CBE49E /* Pods_Alias.framework in Frameworks */ = {isa = PBXBuildFile; fileRef = E3DE0ED972E05C10F86CABC4 /* Pods_Alias.framework */; };
/* End PBXBuildFile section */

/* Begin PBXFileReference section */
		50855634BC58307F42191634 /* Pods-Alias.debug.xcconfig */ = {isa = PBXFileReference; includeInIndex = 1; lastKnownFileType = text.xcconfig; name = "Pods-Alias.debug.xcconfig"; path = "Target Support Files/Pods-Alias/Pods-Alias.debug.xcconfig"; sourceTree = "<group>"; };
		95750B4D28EAFEFB007CB897 /* LiveData.swift */ = {isa = PBXFileReference; lastKnownFileType = sourcecode.swift; path = LiveData.swift; sourceTree = "<group>"; };
		95750B4F28EAFF16007CB897 /* Observable.swift */ = {isa = PBXFileReference; lastKnownFileType = sourcecode.swift; path = Observable.swift; sourceTree = "<group>"; };
		95750B5128EAFF1F007CB897 /* Observer.swift */ = {isa = PBXFileReference; lastKnownFileType = sourcecode.swift; path = Observer.swift; sourceTree = "<group>"; };
		95750B5528EB04C9007CB897 /* HomeScreenController.swift */ = {isa = PBXFileReference; lastKnownFileType = sourcecode.swift; path = HomeScreenController.swift; sourceTree = "<group>"; };
		95750B5828EB04E0007CB897 /* BaseViewController.swift */ = {isa = PBXFileReference; lastKnownFileType = sourcecode.swift; path = BaseViewController.swift; sourceTree = "<group>"; };
		95756B9328EAE6300087A408 /* Graphics.swift */ = {isa = PBXFileReference; lastKnownFileType = sourcecode.swift; path = Graphics.swift; sourceTree = "<group>"; };
		9578205428E6E73E004C1CE4 /* Theme.swift */ = {isa = PBXFileReference; lastKnownFileType = sourcecode.swift; path = Theme.swift; sourceTree = "<group>"; };
		9578205628E6F4E8004C1CE4 /* ka */ = {isa = PBXFileReference; lastKnownFileType = text.plist.strings; name = ka; path = ka.lproj/Main.strings; sourceTree = "<group>"; };
		9578205728E6F4E8004C1CE4 /* ka */ = {isa = PBXFileReference; lastKnownFileType = text.plist.strings; name = ka; path = ka.lproj/LaunchScreen.strings; sourceTree = "<group>"; };
		9578205A28E6F5A3004C1CE4 /* ru */ = {isa = PBXFileReference; lastKnownFileType = text.plist.strings; name = ru; path = ru.lproj/Main.strings; sourceTree = "<group>"; };
		9578205B28E6F5A3004C1CE4 /* ru */ = {isa = PBXFileReference; lastKnownFileType = text.plist.strings; name = ru; path = ru.lproj/LaunchScreen.strings; sourceTree = "<group>"; };
		9578205D28E6F5F3004C1CE4 /* en */ = {isa = PBXFileReference; lastKnownFileType = text.plist.strings; name = en; path = en.lproj/Localizable.strings; sourceTree = "<group>"; };
		9578205F28E6F6A6004C1CE4 /* ka */ = {isa = PBXFileReference; lastKnownFileType = text.plist.strings; name = ka; path = ka.lproj/Localizable.strings; sourceTree = "<group>"; };
		9578206028E6F6AA004C1CE4 /* ru */ = {isa = PBXFileReference; lastKnownFileType = text.plist.strings; name = ru; path = ru.lproj/Localizable.strings; sourceTree = "<group>"; };
		9578206228E6F7BC004C1CE4 /* Extensions.swift */ = {isa = PBXFileReference; lastKnownFileType = sourcecode.swift; path = Extensions.swift; sourceTree = "<group>"; };
		9578592F290BE61D0035C8C6 /* ClassicGameViewController.swift */ = {isa = PBXFileReference; lastKnownFileType = sourcecode.swift; path = ClassicGameViewController.swift; sourceTree = "<group>"; };
		95785933290BFAAE0035C8C6 /* OptionsLabel.swift */ = {isa = PBXFileReference; lastKnownFileType = sourcecode.swift; path = OptionsLabel.swift; sourceTree = "<group>"; };
		957CAB0C28F045EE00B972CD /* SnakeButton.swift */ = {isa = PBXFileReference; lastKnownFileType = sourcecode.swift; path = SnakeButton.swift; sourceTree = "<group>"; };
		957CAB0F28F0481E00B972CD /* TeamsViewController.swift */ = {isa = PBXFileReference; lastKnownFileType = sourcecode.swift; path = TeamsViewController.swift; sourceTree = "<group>"; };
		957FCB832909372B0006FABC /* TimeAndPointsViewController.swift */ = {isa = PBXFileReference; lastKnownFileType = sourcecode.swift; path = TimeAndPointsViewController.swift; sourceTree = "<group>"; };
		957FCB8929093DFA0006FABC /* CircularSeekBar.swift */ = {isa = PBXFileReference; lastKnownFileType = sourcecode.swift; path = CircularSeekBar.swift; sourceTree = "<group>"; };
		9589D9D628E6FBFB005A48C5 /* Localization.swift */ = {isa = PBXFileReference; lastKnownFileType = sourcecode.swift; path = Localization.swift; sourceTree = "<group>"; };
		958FD1E7290AB69700E8B2AE /* Team.swift */ = {isa = PBXFileReference; lastKnownFileType = sourcecode.swift; path = Team.swift; sourceTree = "<group>"; };
		9590D3DB290E76250060197F /* Round.swift */ = {isa = PBXFileReference; lastKnownFileType = sourcecode.swift; path = Round.swift; sourceTree = "<group>"; };
		9590D3E2290EAF670060197F /* StatsCollectionView.swift */ = {isa = PBXFileReference; lastKnownFileType = sourcecode.swift; path = StatsCollectionView.swift; sourceTree = "<group>"; };
		9590D3EA290EBF470060197F /* TeamStatsView.swift */ = {isa = PBXFileReference; lastKnownFileType = sourcecode.swift; path = TeamStatsView.swift; sourceTree = "<group>"; };
		9590D3ED290EDCC70060197F /* NextRoundView.swift */ = {isa = PBXFileReference; lastKnownFileType = sourcecode.swift; path = NextRoundView.swift; sourceTree = "<group>"; };
		9592BEA928E598F4004E1C6B /* Alias.app */ = {isa = PBXFileReference; explicitFileType = wrapper.application; includeInIndex = 0; path = Alias.app; sourceTree = BUILT_PRODUCTS_DIR; };
		9592BEAC28E598F4004E1C6B /* AppDelegate.swift */ = {isa = PBXFileReference; lastKnownFileType = sourcecode.swift; path = AppDelegate.swift; sourceTree = "<group>"; };
		9592BEAE28E598F4004E1C6B /* SceneDelegate.swift */ = {isa = PBXFileReference; lastKnownFileType = sourcecode.swift; path = SceneDelegate.swift; sourceTree = "<group>"; };
		9592BEB028E598F4004E1C6B /* ViewController.swift */ = {isa = PBXFileReference; lastKnownFileType = sourcecode.swift; path = ViewController.swift; sourceTree = "<group>"; };
		9592BEB328E598F4004E1C6B /* Base */ = {isa = PBXFileReference; lastKnownFileType = file.storyboard; name = Base; path = Base.lproj/Main.storyboard; sourceTree = "<group>"; };
		9592BEB628E598F4004E1C6B /* Alias.xcdatamodel */ = {isa = PBXFileReference; lastKnownFileType = wrapper.xcdatamodel; path = Alias.xcdatamodel; sourceTree = "<group>"; };
		9592BEB828E598F6004E1C6B /* Assets.xcassets */ = {isa = PBXFileReference; lastKnownFileType = folder.assetcatalog; path = Assets.xcassets; sourceTree = "<group>"; };
		9592BEBB28E598F6004E1C6B /* Base */ = {isa = PBXFileReference; lastKnownFileType = file.storyboard; name = Base; path = Base.lproj/LaunchScreen.storyboard; sourceTree = "<group>"; };
		9592BEBD28E598F6004E1C6B /* Info.plist */ = {isa = PBXFileReference; lastKnownFileType = text.plist.xml; path = Info.plist; sourceTree = "<group>"; };
		9592BEC528E59DD0004E1C6B /* words.db */ = {isa = PBXFileReference; lastKnownFileType = file; path = words.db; sourceTree = "<group>"; };
		9592BEC828E59FE1004E1C6B /* Word.swift */ = {isa = PBXFileReference; lastKnownFileType = sourcecode.swift; path = Word.swift; sourceTree = "<group>"; };
		9592BECB28E5A196004E1C6B /* WordsDataBaseHelper.swift */ = {isa = PBXFileReference; lastKnownFileType = sourcecode.swift; path = WordsDataBaseHelper.swift; sourceTree = "<group>"; };
		959C3B9628EC41FA006E849B /* RulesViewController.swift */ = {isa = PBXFileReference; lastKnownFileType = sourcecode.swift; path = RulesViewController.swift; sourceTree = "<group>"; };
		959C3B9828EC424D006E849B /* Rule.swift */ = {isa = PBXFileReference; lastKnownFileType = sourcecode.swift; path = Rule.swift; sourceTree = "<group>"; };
		959C3B9D28EC429E006E849B /* RulesTableViewCell.swift */ = {isa = PBXFileReference; lastKnownFileType = sourcecode.swift; path = RulesTableViewCell.swift; sourceTree = "<group>"; };
		959C3B9E28EC429E006E849B /* RulesTableViewCell.xib */ = {isa = PBXFileReference; lastKnownFileType = file.xib; path = RulesTableViewCell.xib; sourceTree = "<group>"; };
		959C3BA128EC45E7006E849B /* TableViewAdapter.swift */ = {isa = PBXFileReference; lastKnownFileType = sourcecode.swift; path = TableViewAdapter.swift; sourceTree = "<group>"; };
		959C3BA328EC45F4006E849B /* TableViewAdapterCell.swift */ = {isa = PBXFileReference; lastKnownFileType = sourcecode.swift; path = TableViewAdapterCell.swift; sourceTree = "<group>"; };
		959E81A028EF2CBD008D49B1 /* PaddingLabel.swift */ = {isa = PBXFileReference; lastKnownFileType = sourcecode.swift; path = PaddingLabel.swift; sourceTree = "<group>"; };
		959E81A228EF3063008D49B1 /* GameModeViewController.swift */ = {isa = PBXFileReference; lastKnownFileType = sourcecode.swift; path = GameModeViewController.swift; sourceTree = "<group>"; };
		959E81A428EF308F008D49B1 /* GlobalViewProvider.swift */ = {isa = PBXFileReference; lastKnownFileType = sourcecode.swift; path = GlobalViewProvider.swift; sourceTree = "<group>"; };
		959E81A628EF4063008D49B1 /* Game.swift */ = {isa = PBXFileReference; lastKnownFileType = sourcecode.swift; path = Game.swift; sourceTree = "<group>"; };
		CD48B761F80098C30463FC0D /* Pods-Alias.release.xcconfig */ = {isa = PBXFileReference; includeInIndex = 1; lastKnownFileType = text.xcconfig; name = "Pods-Alias.release.xcconfig"; path = "Target Support Files/Pods-Alias/Pods-Alias.release.xcconfig"; sourceTree = "<group>"; };
		E3DE0ED972E05C10F86CABC4 /* Pods_Alias.framework */ = {isa = PBXFileReference; explicitFileType = wrapper.framework; includeInIndex = 0; path = Pods_Alias.framework; sourceTree = BUILT_PRODUCTS_DIR; };
/* End PBXFileReference section */

/* Begin PBXFrameworksBuildPhase section */
		9592BEA628E598F4004E1C6B /* Frameworks */ = {
			isa = PBXFrameworksBuildPhase;
			buildActionMask = 2147483647;
			files = (
				AACE3AC4D0DD5F47C6CBE49E /* Pods_Alias.framework in Frameworks */,
				9590D3DF290EA37B0060197F /* BottomSheet in Frameworks */,
			);
			runOnlyForDeploymentPostprocessing = 0;
		};
/* End PBXFrameworksBuildPhase section */

/* Begin PBXGroup section */
		0EB8C7DA7E5E940ADB43D3A5 /* Pods */ = {
			isa = PBXGroup;
			children = (
				50855634BC58307F42191634 /* Pods-Alias.debug.xcconfig */,
				CD48B761F80098C30463FC0D /* Pods-Alias.release.xcconfig */,
			);
			path = Pods;
			sourceTree = "<group>";
		};
		85CA65386BBFC829E68BAFBF /* Frameworks */ = {
			isa = PBXGroup;
			children = (
				E3DE0ED972E05C10F86CABC4 /* Pods_Alias.framework */,
			);
			name = Frameworks;
			sourceTree = "<group>";
		};
		95750B4C28EAFEE5007CB897 /* live_data */ = {
			isa = PBXGroup;
			children = (
				95750B4D28EAFEFB007CB897 /* LiveData.swift */,
				95750B4F28EAFF16007CB897 /* Observable.swift */,
				95750B5128EAFF1F007CB897 /* Observer.swift */,
			);
			path = live_data;
			sourceTree = "<group>";
		};
		95750B5328EB0467007CB897 /* helper */ = {
			isa = PBXGroup;
			children = (
				9592BECB28E5A196004E1C6B /* WordsDataBaseHelper.swift */,
			);
			path = helper;
			sourceTree = "<group>";
		};
		95750B5428EB04B8007CB897 /* controller */ = {
			isa = PBXGroup;
			children = (
				9578592E290BE6060035C8C6 /* classic_game */,
				9590D3E1290EAF430060197F /* bottom_sheet_views */,
				957FCB822909370B0006FABC /* time_and_points */,
				957CAB0E28F0480C00B972CD /* teams */,
				959C3BA528EC60D5006E849B /* game_mode */,
				959C3B9B28EC427B006E849B /* ruels */,
				959C3B9A28EC4270006E849B /* home_screen */,
			);
			path = controller;
			sourceTree = "<group>";
		};
		95750B5728EB04D4007CB897 /* base */ = {
			isa = PBXGroup;
			children = (
				95750B5828EB04E0007CB897 /* BaseViewController.swift */,
			);
			path = base;
			sourceTree = "<group>";
		};
		95750B5A28EB086F007CB897 /* view */ = {
			isa = PBXGroup;
			children = (
				957FCB8829093DE30006FABC /* seek_bar */,
				957CAB0B28F045DE00B972CD /* button */,
				959E819F28EF2CB0008D49B1 /* label */,
				959C3BA128EC45E7006E849B /* TableViewAdapter.swift */,
				959C3BA328EC45F4006E849B /* TableViewAdapterCell.swift */,
				959E81A428EF308F008D49B1 /* GlobalViewProvider.swift */,
				9590D3EA290EBF470060197F /* TeamStatsView.swift */,
			);
			path = view;
			sourceTree = "<group>";
		};
		9578206128E6F7A7004C1CE4 /* extensions */ = {
			isa = PBXGroup;
			children = (
				9578206228E6F7BC004C1CE4 /* Extensions.swift */,
			);
			path = extensions;
			sourceTree = "<group>";
		};
		9578592E290BE6060035C8C6 /* classic_game */ = {
			isa = PBXGroup;
			children = (
				9578592F290BE61D0035C8C6 /* ClassicGameViewController.swift */,
			);
			path = classic_game;
			sourceTree = "<group>";
		};
		957CAB0B28F045DE00B972CD /* button */ = {
			isa = PBXGroup;
			children = (
				957CAB0C28F045EE00B972CD /* SnakeButton.swift */,
			);
			path = button;
			sourceTree = "<group>";
		};
		957CAB0E28F0480C00B972CD /* teams */ = {
			isa = PBXGroup;
			children = (
				957CAB0F28F0481E00B972CD /* TeamsViewController.swift */,
			);
			path = teams;
			sourceTree = "<group>";
		};
		957FCB822909370B0006FABC /* time_and_points */ = {
			isa = PBXGroup;
			children = (
				957FCB832909372B0006FABC /* TimeAndPointsViewController.swift */,
			);
			path = time_and_points;
			sourceTree = "<group>";
		};
		957FCB8829093DE30006FABC /* seek_bar */ = {
			isa = PBXGroup;
			children = (
				957FCB8929093DFA0006FABC /* CircularSeekBar.swift */,
			);
			path = seek_bar;
			sourceTree = "<group>";
		};
		9590D3E1290EAF430060197F /* bottom_sheet_views */ = {
			isa = PBXGroup;
			children = (
				9590D3E4290EB0510060197F /* stats */,
			);
			path = bottom_sheet_views;
			sourceTree = "<group>";
		};
		9590D3E4290EB0510060197F /* stats */ = {
			isa = PBXGroup;
			children = (
				9590D3EC290EDCAA0060197F /* next_round_view */,
				9590D3E2290EAF670060197F /* StatsCollectionView.swift */,
			);
			path = stats;
			sourceTree = "<group>";
		};
		9590D3EC290EDCAA0060197F /* next_round_view */ = {
			isa = PBXGroup;
			children = (
				9590D3ED290EDCC70060197F /* NextRoundView.swift */,
			);
			path = next_round_view;
			sourceTree = "<group>";
		};
		9592BEA028E598F4004E1C6B = {
			isa = PBXGroup;
			children = (
				9592BEAB28E598F4004E1C6B /* Alias */,
				9592BEAA28E598F4004E1C6B /* Products */,
				0EB8C7DA7E5E940ADB43D3A5 /* Pods */,
				85CA65386BBFC829E68BAFBF /* Frameworks */,
			);
			sourceTree = "<group>";
		};
		9592BEAA28E598F4004E1C6B /* Products */ = {
			isa = PBXGroup;
			children = (
				9592BEA928E598F4004E1C6B /* Alias.app */,
			);
			name = Products;
			sourceTree = "<group>";
		};
		9592BEAB28E598F4004E1C6B /* Alias */ = {
			isa = PBXGroup;
			children = (
				95750B5428EB04B8007CB897 /* controller */,
				9578206128E6F7A7004C1CE4 /* extensions */,
				95A262B128E6DFBA0023795B /* style */,
				9592BECA28E5A186004E1C6B /* util */,
				9592BEC728E59FD2004E1C6B /* model */,
				9592BEC328E5990B004E1C6B /* raw */,
				9592BEAC28E598F4004E1C6B /* AppDelegate.swift */,
				9592BEAE28E598F4004E1C6B /* SceneDelegate.swift */,
				9592BEB028E598F4004E1C6B /* ViewController.swift */,
				9592BEB228E598F4004E1C6B /* Main.storyboard */,
				9592BEB828E598F6004E1C6B /* Assets.xcassets */,
				9592BEBA28E598F6004E1C6B /* LaunchScreen.storyboard */,
				9592BEBD28E598F6004E1C6B /* Info.plist */,
				9592BEB528E598F4004E1C6B /* Alias.xcdatamodeld */,
				9578205E28E6F5F3004C1CE4 /* Localizable.strings */,
			);
			path = Alias;
			sourceTree = "<group>";
		};
		9592BEC328E5990B004E1C6B /* raw */ = {
			isa = PBXGroup;
			children = (
				9592BEC528E59DD0004E1C6B /* words.db */,
			);
			path = raw;
			sourceTree = "<group>";
		};
		9592BEC728E59FD2004E1C6B /* model */ = {
			isa = PBXGroup;
			children = (
				9592BEC828E59FE1004E1C6B /* Word.swift */,
				959C3B9828EC424D006E849B /* Rule.swift */,
				959E81A628EF4063008D49B1 /* Game.swift */,
				958FD1E7290AB69700E8B2AE /* Team.swift */,
				9590D3DB290E76250060197F /* Round.swift */,
			);
			path = model;
			sourceTree = "<group>";
		};
		9592BECA28E5A186004E1C6B /* util */ = {
			isa = PBXGroup;
			children = (
				95750B5A28EB086F007CB897 /* view */,
				95750B5728EB04D4007CB897 /* base */,
				95750B5328EB0467007CB897 /* helper */,
				95750B4C28EAFEE5007CB897 /* live_data */,
			);
			path = util;
			sourceTree = "<group>";
		};
		959C3B9A28EC4270006E849B /* home_screen */ = {
			isa = PBXGroup;
			children = (
				95750B5528EB04C9007CB897 /* HomeScreenController.swift */,
			);
			path = home_screen;
			sourceTree = "<group>";
		};
		959C3B9B28EC427B006E849B /* ruels */ = {
			isa = PBXGroup;
			children = (
				959C3B9C28EC4285006E849B /* cell */,
				959C3B9628EC41FA006E849B /* RulesViewController.swift */,
			);
			path = ruels;
			sourceTree = "<group>";
		};
		959C3B9C28EC4285006E849B /* cell */ = {
			isa = PBXGroup;
			children = (
				959C3B9D28EC429E006E849B /* RulesTableViewCell.swift */,
				959C3B9E28EC429E006E849B /* RulesTableViewCell.xib */,
			);
			path = cell;
			sourceTree = "<group>";
		};
		959C3BA528EC60D5006E849B /* game_mode */ = {
			isa = PBXGroup;
			children = (
				959E81A228EF3063008D49B1 /* GameModeViewController.swift */,
			);
			path = game_mode;
			sourceTree = "<group>";
		};
		959E819F28EF2CB0008D49B1 /* label */ = {
			isa = PBXGroup;
			children = (
				959E81A028EF2CBD008D49B1 /* PaddingLabel.swift */,
				95785933290BFAAE0035C8C6 /* OptionsLabel.swift */,
			);
			path = label;
			sourceTree = "<group>";
		};
		95A262B128E6DFBA0023795B /* style */ = {
			isa = PBXGroup;
			children = (
				9578205428E6E73E004C1CE4 /* Theme.swift */,
				9589D9D628E6FBFB005A48C5 /* Localization.swift */,
				95756B9328EAE6300087A408 /* Graphics.swift */,
			);
			path = style;
			sourceTree = "<group>";
		};
/* End PBXGroup section */

/* Begin PBXNativeTarget section */
		9592BEA828E598F4004E1C6B /* Alias */ = {
			isa = PBXNativeTarget;
			buildConfigurationList = 9592BEC028E598F6004E1C6B /* Build configuration list for PBXNativeTarget "Alias" */;
			buildPhases = (
				C73A7AD784EE6FA0D1B4428F /* [CP] Check Pods Manifest.lock */,
				9592BEA528E598F4004E1C6B /* Sources */,
				9592BEA628E598F4004E1C6B /* Frameworks */,
				9592BEA728E598F4004E1C6B /* Resources */,
				B5D43EC9DBE7835DE4AF7F4B /* [CP] Embed Pods Frameworks */,
			);
			buildRules = (
			);
			dependencies = (
			);
			name = Alias;
			packageProductDependencies = (
				9590D3DE290EA37B0060197F /* BottomSheet */,
			);
			productName = Alias;
			productReference = 9592BEA928E598F4004E1C6B /* Alias.app */;
			productType = "com.apple.product-type.application";
		};
/* End PBXNativeTarget section */

/* Begin PBXProject section */
		9592BEA128E598F4004E1C6B /* Project object */ = {
			isa = PBXProject;
			attributes = {
				BuildIndependentTargetsInParallel = 1;
				LastSwiftUpdateCheck = 1340;
				LastUpgradeCheck = 1340;
				TargetAttributes = {
					9592BEA828E598F4004E1C6B = {
						CreatedOnToolsVersion = 13.4;
					};
				};
			};
			buildConfigurationList = 9592BEA428E598F4004E1C6B /* Build configuration list for PBXProject "Alias" */;
			compatibilityVersion = "Xcode 13.0";
			developmentRegion = en;
			hasScannedForEncodings = 0;
			knownRegions = (
				en,
				Base,
				ka,
				ru,
			);
			mainGroup = 9592BEA028E598F4004E1C6B;
			packageReferences = (
				9590D3DD290EA37B0060197F /* XCRemoteSwiftPackageReference "BottomSheet" */,
			);
			productRefGroup = 9592BEAA28E598F4004E1C6B /* Products */;
			projectDirPath = "";
			projectRoot = "";
			targets = (
				9592BEA828E598F4004E1C6B /* Alias */,
			);
		};
/* End PBXProject section */

/* Begin PBXResourcesBuildPhase section */
		9592BEA728E598F4004E1C6B /* Resources */ = {
			isa = PBXResourcesBuildPhase;
			buildActionMask = 2147483647;
			files = (
				9578205C28E6F5F3004C1CE4 /* Localizable.strings in Resources */,
				9592BEBC28E598F6004E1C6B /* LaunchScreen.storyboard in Resources */,
				9592BEB928E598F6004E1C6B /* Assets.xcassets in Resources */,
				9592BEB428E598F4004E1C6B /* Main.storyboard in Resources */,
				9592BEC628E59DD0004E1C6B /* words.db in Resources */,
				959C3BA028EC429E006E849B /* RulesTableViewCell.xib in Resources */,
			);
			runOnlyForDeploymentPostprocessing = 0;
		};
/* End PBXResourcesBuildPhase section */

/* Begin PBXShellScriptBuildPhase section */
		B5D43EC9DBE7835DE4AF7F4B /* [CP] Embed Pods Frameworks */ = {
			isa = PBXShellScriptBuildPhase;
			buildActionMask = 2147483647;
			files = (
			);
			inputFileListPaths = (
				"${PODS_ROOT}/Target Support Files/Pods-Alias/Pods-Alias-frameworks-${CONFIGURATION}-input-files.xcfilelist",
			);
			name = "[CP] Embed Pods Frameworks";
			outputFileListPaths = (
				"${PODS_ROOT}/Target Support Files/Pods-Alias/Pods-Alias-frameworks-${CONFIGURATION}-output-files.xcfilelist",
			);
			runOnlyForDeploymentPostprocessing = 0;
			shellPath = /bin/sh;
			shellScript = "\"${PODS_ROOT}/Target Support Files/Pods-Alias/Pods-Alias-frameworks.sh\"\n";
			showEnvVarsInLog = 0;
		};
		C73A7AD784EE6FA0D1B4428F /* [CP] Check Pods Manifest.lock */ = {
			isa = PBXShellScriptBuildPhase;
			buildActionMask = 2147483647;
			files = (
			);
			inputFileListPaths = (
			);
			inputPaths = (
				"${PODS_PODFILE_DIR_PATH}/Podfile.lock",
				"${PODS_ROOT}/Manifest.lock",
			);
			name = "[CP] Check Pods Manifest.lock";
			outputFileListPaths = (
			);
			outputPaths = (
				"$(DERIVED_FILE_DIR)/Pods-Alias-checkManifestLockResult.txt",
			);
			runOnlyForDeploymentPostprocessing = 0;
			shellPath = /bin/sh;
			shellScript = "diff \"${PODS_PODFILE_DIR_PATH}/Podfile.lock\" \"${PODS_ROOT}/Manifest.lock\" > /dev/null\nif [ $? != 0 ] ; then\n    # print error to STDERR\n    echo \"error: The sandbox is not in sync with the Podfile.lock. Run 'pod install' or update your CocoaPods installation.\" >&2\n    exit 1\nfi\n# This output is used by Xcode 'outputs' to avoid re-running this script phase.\necho \"SUCCESS\" > \"${SCRIPT_OUTPUT_FILE_0}\"\n";
			showEnvVarsInLog = 0;
		};
/* End PBXShellScriptBuildPhase section */

/* Begin PBXSourcesBuildPhase section */
		9592BEA528E598F4004E1C6B /* Sources */ = {
			isa = PBXSourcesBuildPhase;
			buildActionMask = 2147483647;
			files = (
				957FCB8A29093DFA0006FABC /* CircularSeekBar.swift in Sources */,
				9590D3EB290EBF470060197F /* TeamStatsView.swift in Sources */,
				95785930290BE61D0035C8C6 /* ClassicGameViewController.swift in Sources */,
				95750B5028EAFF16007CB897 /* Observable.swift in Sources */,
				9592BEB728E598F4004E1C6B /* Alias.xcdatamodeld in Sources */,
				959C3BA228EC45E7006E849B /* TableViewAdapter.swift in Sources */,
				95750B5628EB04C9007CB897 /* HomeScreenController.swift in Sources */,
				959C3B9928EC424D006E849B /* Rule.swift in Sources */,
				957FCB842909372B0006FABC /* TimeAndPointsViewController.swift in Sources */,
				9590D3EE290EDCC70060197F /* NextRoundView.swift in Sources */,
				959C3B9F28EC429E006E849B /* RulesTableViewCell.swift in Sources */,
				9592BEB128E598F4004E1C6B /* ViewController.swift in Sources */,
				959E81A728EF4063008D49B1 /* Game.swift in Sources */,
				959C3B9728EC41FA006E849B /* RulesViewController.swift in Sources */,
				9578205528E6E73E004C1CE4 /* Theme.swift in Sources */,
				959E81A128EF2CBD008D49B1 /* PaddingLabel.swift in Sources */,
				9590D3DC290E76250060197F /* Round.swift in Sources */,
				95750B5928EB04E0007CB897 /* BaseViewController.swift in Sources */,
				9578206328E6F7BC004C1CE4 /* Extensions.swift in Sources */,
				95750B5228EAFF1F007CB897 /* Observer.swift in Sources */,
				9592BEC928E59FE1004E1C6B /* Word.swift in Sources */,
				958FD1E8290AB69700E8B2AE /* Team.swift in Sources */,
				959E81A528EF308F008D49B1 /* GlobalViewProvider.swift in Sources */,
				959E81A328EF3063008D49B1 /* GameModeViewController.swift in Sources */,
				959C3BA428EC45F4006E849B /* TableViewAdapterCell.swift in Sources */,
				9589D9D728E6FBFB005A48C5 /* Localization.swift in Sources */,
				95756B9428EAE6300087A408 /* Graphics.swift in Sources */,
				9592BEAD28E598F4004E1C6B /* AppDelegate.swift in Sources */,
				9592BECC28E5A196004E1C6B /* WordsDataBaseHelper.swift in Sources */,
				9590D3E3290EAF670060197F /* StatsCollectionView.swift in Sources */,
				9592BEAF28E598F4004E1C6B /* SceneDelegate.swift in Sources */,
				95785934290BFAAE0035C8C6 /* OptionsLabel.swift in Sources */,
				957CAB1028F0481E00B972CD /* TeamsViewController.swift in Sources */,
				95750B4E28EAFEFB007CB897 /* LiveData.swift in Sources */,
				957CAB0D28F045EE00B972CD /* SnakeButton.swift in Sources */,
			);
			runOnlyForDeploymentPostprocessing = 0;
		};
/* End PBXSourcesBuildPhase section */

/* Begin PBXVariantGroup section */
		9578205E28E6F5F3004C1CE4 /* Localizable.strings */ = {
			isa = PBXVariantGroup;
			children = (
				9578205D28E6F5F3004C1CE4 /* en */,
				9578205F28E6F6A6004C1CE4 /* ka */,
				9578206028E6F6AA004C1CE4 /* ru */,
			);
			name = Localizable.strings;
			sourceTree = "<group>";
			usesTabs = 0;
		};
		9592BEB228E598F4004E1C6B /* Main.storyboard */ = {
			isa = PBXVariantGroup;
			children = (
				9592BEB328E598F4004E1C6B /* Base */,
				9578205628E6F4E8004C1CE4 /* ka */,
				9578205A28E6F5A3004C1CE4 /* ru */,
			);
			name = Main.storyboard;
			sourceTree = "<group>";
		};
		9592BEBA28E598F6004E1C6B /* LaunchScreen.storyboard */ = {
			isa = PBXVariantGroup;
			children = (
				9592BEBB28E598F6004E1C6B /* Base */,
				9578205728E6F4E8004C1CE4 /* ka */,
				9578205B28E6F5A3004C1CE4 /* ru */,
			);
			name = LaunchScreen.storyboard;
			sourceTree = "<group>";
		};
/* End PBXVariantGroup section */

/* Begin XCBuildConfiguration section */
		9592BEBE28E598F6004E1C6B /* Debug */ = {
			isa = XCBuildConfiguration;
			buildSettings = {
				ALWAYS_SEARCH_USER_PATHS = NO;
				CLANG_ANALYZER_LOCALIZABILITY_NONLOCALIZED = YES;
				CLANG_ANALYZER_NONNULL = YES;
				CLANG_ANALYZER_NUMBER_OBJECT_CONVERSION = YES_AGGRESSIVE;
				CLANG_CXX_LANGUAGE_STANDARD = "gnu++17";
				CLANG_ENABLE_MODULES = YES;
				CLANG_ENABLE_OBJC_ARC = YES;
				CLANG_ENABLE_OBJC_WEAK = YES;
				CLANG_WARN_BLOCK_CAPTURE_AUTORELEASING = YES;
				CLANG_WARN_BOOL_CONVERSION = YES;
				CLANG_WARN_COMMA = YES;
				CLANG_WARN_CONSTANT_CONVERSION = YES;
				CLANG_WARN_DEPRECATED_OBJC_IMPLEMENTATIONS = YES;
				CLANG_WARN_DIRECT_OBJC_ISA_USAGE = YES_ERROR;
				CLANG_WARN_DOCUMENTATION_COMMENTS = YES;
				CLANG_WARN_EMPTY_BODY = YES;
				CLANG_WARN_ENUM_CONVERSION = YES;
				CLANG_WARN_INFINITE_RECURSION = YES;
				CLANG_WARN_INT_CONVERSION = YES;
				CLANG_WARN_NON_LITERAL_NULL_CONVERSION = YES;
				CLANG_WARN_OBJC_IMPLICIT_RETAIN_SELF = YES;
				CLANG_WARN_OBJC_LITERAL_CONVERSION = YES;
				CLANG_WARN_OBJC_ROOT_CLASS = YES_ERROR;
				CLANG_WARN_QUOTED_INCLUDE_IN_FRAMEWORK_HEADER = YES;
				CLANG_WARN_RANGE_LOOP_ANALYSIS = YES;
				CLANG_WARN_STRICT_PROTOTYPES = YES;
				CLANG_WARN_SUSPICIOUS_MOVE = YES;
				CLANG_WARN_UNGUARDED_AVAILABILITY = YES_AGGRESSIVE;
				CLANG_WARN_UNREACHABLE_CODE = YES;
				CLANG_WARN__DUPLICATE_METHOD_MATCH = YES;
				COPY_PHASE_STRIP = NO;
				DEBUG_INFORMATION_FORMAT = dwarf;
				ENABLE_STRICT_OBJC_MSGSEND = YES;
				ENABLE_TESTABILITY = YES;
				GCC_C_LANGUAGE_STANDARD = gnu11;
				GCC_DYNAMIC_NO_PIC = NO;
				GCC_NO_COMMON_BLOCKS = YES;
				GCC_OPTIMIZATION_LEVEL = 0;
				GCC_PREPROCESSOR_DEFINITIONS = (
					"DEBUG=1",
					"$(inherited)",
				);
				GCC_WARN_64_TO_32_BIT_CONVERSION = YES;
				GCC_WARN_ABOUT_RETURN_TYPE = YES_ERROR;
				GCC_WARN_UNDECLARED_SELECTOR = YES;
				GCC_WARN_UNINITIALIZED_AUTOS = YES_AGGRESSIVE;
				GCC_WARN_UNUSED_FUNCTION = YES;
				GCC_WARN_UNUSED_VARIABLE = YES;
				IPHONEOS_DEPLOYMENT_TARGET = 15.5;
				MTL_ENABLE_DEBUG_INFO = INCLUDE_SOURCE;
				MTL_FAST_MATH = YES;
				ONLY_ACTIVE_ARCH = YES;
				SDKROOT = iphoneos;
				SWIFT_ACTIVE_COMPILATION_CONDITIONS = DEBUG;
				SWIFT_OPTIMIZATION_LEVEL = "-Onone";
			};
			name = Debug;
		};
		9592BEBF28E598F6004E1C6B /* Release */ = {
			isa = XCBuildConfiguration;
			buildSettings = {
				ALWAYS_SEARCH_USER_PATHS = NO;
				CLANG_ANALYZER_LOCALIZABILITY_NONLOCALIZED = YES;
				CLANG_ANALYZER_NONNULL = YES;
				CLANG_ANALYZER_NUMBER_OBJECT_CONVERSION = YES_AGGRESSIVE;
				CLANG_CXX_LANGUAGE_STANDARD = "gnu++17";
				CLANG_ENABLE_MODULES = YES;
				CLANG_ENABLE_OBJC_ARC = YES;
				CLANG_ENABLE_OBJC_WEAK = YES;
				CLANG_WARN_BLOCK_CAPTURE_AUTORELEASING = YES;
				CLANG_WARN_BOOL_CONVERSION = YES;
				CLANG_WARN_COMMA = YES;
				CLANG_WARN_CONSTANT_CONVERSION = YES;
				CLANG_WARN_DEPRECATED_OBJC_IMPLEMENTATIONS = YES;
				CLANG_WARN_DIRECT_OBJC_ISA_USAGE = YES_ERROR;
				CLANG_WARN_DOCUMENTATION_COMMENTS = YES;
				CLANG_WARN_EMPTY_BODY = YES;
				CLANG_WARN_ENUM_CONVERSION = YES;
				CLANG_WARN_INFINITE_RECURSION = YES;
				CLANG_WARN_INT_CONVERSION = YES;
				CLANG_WARN_NON_LITERAL_NULL_CONVERSION = YES;
				CLANG_WARN_OBJC_IMPLICIT_RETAIN_SELF = YES;
				CLANG_WARN_OBJC_LITERAL_CONVERSION = YES;
				CLANG_WARN_OBJC_ROOT_CLASS = YES_ERROR;
				CLANG_WARN_QUOTED_INCLUDE_IN_FRAMEWORK_HEADER = YES;
				CLANG_WARN_RANGE_LOOP_ANALYSIS = YES;
				CLANG_WARN_STRICT_PROTOTYPES = YES;
				CLANG_WARN_SUSPICIOUS_MOVE = YES;
				CLANG_WARN_UNGUARDED_AVAILABILITY = YES_AGGRESSIVE;
				CLANG_WARN_UNREACHABLE_CODE = YES;
				CLANG_WARN__DUPLICATE_METHOD_MATCH = YES;
				COPY_PHASE_STRIP = NO;
				DEBUG_INFORMATION_FORMAT = "dwarf-with-dsym";
				ENABLE_NS_ASSERTIONS = NO;
				ENABLE_STRICT_OBJC_MSGSEND = YES;
				GCC_C_LANGUAGE_STANDARD = gnu11;
				GCC_NO_COMMON_BLOCKS = YES;
				GCC_WARN_64_TO_32_BIT_CONVERSION = YES;
				GCC_WARN_ABOUT_RETURN_TYPE = YES_ERROR;
				GCC_WARN_UNDECLARED_SELECTOR = YES;
				GCC_WARN_UNINITIALIZED_AUTOS = YES_AGGRESSIVE;
				GCC_WARN_UNUSED_FUNCTION = YES;
				GCC_WARN_UNUSED_VARIABLE = YES;
				IPHONEOS_DEPLOYMENT_TARGET = 15.5;
				MTL_ENABLE_DEBUG_INFO = NO;
				MTL_FAST_MATH = YES;
				SDKROOT = iphoneos;
				SWIFT_COMPILATION_MODE = wholemodule;
				SWIFT_OPTIMIZATION_LEVEL = "-O";
				VALIDATE_PRODUCT = YES;
			};
			name = Release;
		};
		9592BEC128E598F6004E1C6B /* Debug */ = {
			isa = XCBuildConfiguration;
			baseConfigurationReference = 50855634BC58307F42191634 /* Pods-Alias.debug.xcconfig */;
			buildSettings = {
				ASSETCATALOG_COMPILER_APPICON_NAME = AppIcon;
				ASSETCATALOG_COMPILER_GLOBAL_ACCENT_COLOR_NAME = AccentColor;
				CODE_SIGN_STYLE = Automatic;
				CURRENT_PROJECT_VERSION = 1;
				GENERATE_INFOPLIST_FILE = YES;
				INFOPLIST_FILE = Alias/Info.plist;
				INFOPLIST_KEY_UIApplicationSupportsIndirectInputEvents = YES;
				INFOPLIST_KEY_UILaunchStoryboardName = LaunchScreen;
				INFOPLIST_KEY_UIMainStoryboardFile = Main;
				INFOPLIST_KEY_UISupportedInterfaceOrientations_iPad = "UIInterfaceOrientationPortrait UIInterfaceOrientationPortraitUpsideDown UIInterfaceOrientationLandscapeLeft UIInterfaceOrientationLandscapeRight";
				INFOPLIST_KEY_UISupportedInterfaceOrientations_iPhone = "UIInterfaceOrientationPortrait UIInterfaceOrientationLandscapeLeft UIInterfaceOrientationLandscapeRight";
				LD_RUNPATH_SEARCH_PATHS = (
					"$(inherited)",
					"@executable_path/Frameworks",
				);
				MARKETING_VERSION = 1.0;
				PRODUCT_BUNDLE_IDENTIFIER = n.Alias;
				PRODUCT_NAME = "$(TARGET_NAME)";
				SWIFT_EMIT_LOC_STRINGS = YES;
				SWIFT_VERSION = 5.0;
				TARGETED_DEVICE_FAMILY = "1,2";
			};
			name = Debug;
		};
		9592BEC228E598F6004E1C6B /* Release */ = {
			isa = XCBuildConfiguration;
			baseConfigurationReference = CD48B761F80098C30463FC0D /* Pods-Alias.release.xcconfig */;
			buildSettings = {
				ASSETCATALOG_COMPILER_APPICON_NAME = AppIcon;
				ASSETCATALOG_COMPILER_GLOBAL_ACCENT_COLOR_NAME = AccentColor;
				CODE_SIGN_STYLE = Automatic;
				CURRENT_PROJECT_VERSION = 1;
				GENERATE_INFOPLIST_FILE = YES;
				INFOPLIST_FILE = Alias/Info.plist;
				INFOPLIST_KEY_UIApplicationSupportsIndirectInputEvents = YES;
				INFOPLIST_KEY_UILaunchStoryboardName = LaunchScreen;
				INFOPLIST_KEY_UIMainStoryboardFile = Main;
				INFOPLIST_KEY_UISupportedInterfaceOrientations_iPad = "UIInterfaceOrientationPortrait UIInterfaceOrientationPortraitUpsideDown UIInterfaceOrientationLandscapeLeft UIInterfaceOrientationLandscapeRight";
				INFOPLIST_KEY_UISupportedInterfaceOrientations_iPhone = "UIInterfaceOrientationPortrait UIInterfaceOrientationLandscapeLeft UIInterfaceOrientationLandscapeRight";
				LD_RUNPATH_SEARCH_PATHS = (
					"$(inherited)",
					"@executable_path/Frameworks",
				);
				MARKETING_VERSION = 1.0;
				PRODUCT_BUNDLE_IDENTIFIER = n.Alias;
				PRODUCT_NAME = "$(TARGET_NAME)";
				SWIFT_EMIT_LOC_STRINGS = YES;
				SWIFT_VERSION = 5.0;
				TARGETED_DEVICE_FAMILY = "1,2";
			};
			name = Release;
		};
/* End XCBuildConfiguration section */

/* Begin XCConfigurationList section */
		9592BEA428E598F4004E1C6B /* Build configuration list for PBXProject "Alias" */ = {
			isa = XCConfigurationList;
			buildConfigurations = (
				9592BEBE28E598F6004E1C6B /* Debug */,
				9592BEBF28E598F6004E1C6B /* Release */,
			);
			defaultConfigurationIsVisible = 0;
			defaultConfigurationName = Release;
		};
		9592BEC028E598F6004E1C6B /* Build configuration list for PBXNativeTarget "Alias" */ = {
			isa = XCConfigurationList;
			buildConfigurations = (
				9592BEC128E598F6004E1C6B /* Debug */,
				9592BEC228E598F6004E1C6B /* Release */,
			);
			defaultConfigurationIsVisible = 0;
			defaultConfigurationName = Release;
		};
/* End XCConfigurationList section */

/* Begin XCRemoteSwiftPackageReference section */
		9590D3DD290EA37B0060197F /* XCRemoteSwiftPackageReference "BottomSheet" */ = {
			isa = XCRemoteSwiftPackageReference;
			repositoryURL = "https://github.com/joomcode/BottomSheet";
			requirement = {
				kind = upToNextMajorVersion;
				minimumVersion = 2.0.0;
			};
		};
/* End XCRemoteSwiftPackageReference section */

/* Begin XCSwiftPackageProductDependency section */
		9590D3DE290EA37B0060197F /* BottomSheet */ = {
			isa = XCSwiftPackageProductDependency;
			package = 9590D3DD290EA37B0060197F /* XCRemoteSwiftPackageReference "BottomSheet" */;
			productName = BottomSheet;
		};
/* End XCSwiftPackageProductDependency section */

/* Begin XCVersionGroup section */
		9592BEB528E598F4004E1C6B /* Alias.xcdatamodeld */ = {
			isa = XCVersionGroup;
			children = (
				9592BEB628E598F4004E1C6B /* Alias.xcdatamodel */,
			);
			currentVersion = 9592BEB628E598F4004E1C6B /* Alias.xcdatamodel */;
			path = Alias.xcdatamodeld;
			sourceTree = "<group>";
			versionGroupType = wrapper.xcdatamodel;
		};
/* End XCVersionGroup section */
	};
	rootObject = 9592BEA128E598F4004E1C6B /* Project object */;
}
